<Solution>
  <Folder Name="/Элементы решения/" />
  <Project Path="Profiles.API/Profiles.Presentation.csproj" />
  <Project Path="Profiles.Application/Profiles.Application.csproj" />
  <Project Path="Profiles.Domain/Profiles.Domain.csproj" />
  <Project Path="Profiles.Infrastructure/Profiles.Infrastructure.csproj" />
</Solution>
